PODS:
  - facebook_app_events (0.0.1):
    - FBAudienceNetwork (= 6.16)
    - FBSDKCoreKit (~> 7.1.1)
    - Flutter
  - FBAudienceNetwork (6.16.0)
  - FBSDKCoreKit (7.1.1):
    - FBSDKCoreKit/Basics (= 7.1.1)
    - FBSDKCoreKit/Core (= 7.1.1)
  - FBSDKCoreKit/Basics (7.1.1)
  - FBSDKCoreKit/Core (7.1.1):
    - FBSDKCoreKit/Basics
  - Flutter (1.0.0)

DEPENDENCIES:
  - facebook_app_events (from `.symlinks/plugins/facebook_app_events/ios`)
  - Flutter (from `Flutter`)

SPEC REPOS:
  trunk:
    - FBAudienceNetwork
    - FBSDKCoreKit

EXTERNAL SOURCES:
  facebook_app_events:
    :path: ".symlinks/plugins/facebook_app_events/ios"
  Flutter:
    :path: Flutter

SPEC CHECKSUMS:
  facebook_app_events: b3cadfcf9d4554ec9c5e2b5541d622761d03852b
  FBAudienceNetwork: d1670939884e3a2e0ad98dca98d7e0c841417228
  FBSDKCoreKit: b46507dc8b8cefed31d644e74d7cc30e2a715ef8
  Flutter: e0871f40cf51350855a761d2e70bf5af5b9b5de7

PODFILE CHECKSUM: c4c93c5f6502fe2754f48404d3594bf779584011

COCOAPODS: 1.16.2
